
Microsoft Visual Studio Solution File, Format Version 12.00
# Visual Studio Version 16
VisualStudioVersion = 16.0.31321.278
MinimumVisualStudioVersion = 10.0.40219.1
Project("{FAE04EC0-301F-11D3-BF4B-00C04F79EFBC}") = "TP1-AzureDevOps", "TP1-AzureDevOps\TP1-AzureDevOps.csproj", "{DE5ED71A-2DF1-442E-BB9E-1C18A66B3939}"
EndProject
Global
	GlobalSection(SolutionConfigurationPlatforms) = preSolution
		Debug|Any CPU = Debug|Any CPU
		Release|Any CPU = Release|Any CPU
	EndGlobalSection
	GlobalSection(ProjectConfigurationPlatforms) = postSolution
		{DE5ED71A-2DF1-442E-BB9E-1C18A66B3939}.Debug|Any CPU.ActiveCfg = Debug|Any CPU
		{DE5ED71A-2DF1-442E-BB9E-1C18A66B3939}.Debug|Any CPU.Build.0 = Debug|Any CPU
		{DE5ED71A-2DF1-442E-BB9E-1C18A66B3939}.Release|Any CPU.ActiveCfg = Release|Any CPU
		{DE5ED71A-2DF1-442E-BB9E-1C18A66B3939}.Release|Any CPU.Build.0 = Release|Any CPU
	EndGlobalSection
	GlobalSection(SolutionProperties) = preSolution
		HideSolutionNode = FALSE
	EndGlobalSection
	GlobalSection(ExtensibilityGlobals) = postSolution
		SolutionGuid = {772F6CE8-DEA3-489C-AC0D-1F643B5A4602}
	EndGlobalSection
EndGlobal
